
Microsoft Visual Studio Solution File, Format Version 12.00
# Visual Studio 14
VisualStudioVersion = 14.0.25123.0
MinimumVisualStudioVersion = 10.0.40219.1
Project("{2150E333-8FDC-42A3-9474-1A3956D46DE8}") = ".nuget", ".nuget", "{0D713936-A87A-4264-B015-BF73C8C1A0E8}"
	ProjectSection(SolutionItems) = preProject
		.nuget\NuGet.Config = .nuget\NuGet.Config
		.nuget\NuGet.exe = .nuget\NuGet.exe
		.nuget\NuGet.targets = .nuget\NuGet.targets
	EndProjectSection
EndProject
Project("{2150E333-8FDC-42A3-9474-1A3956D46DE8}") = "Solution Items", "Solution Items", "{AD8A2C30-056C-47B5-9CC4-72B1E0F50CFE}"
	ProjectSection(SolutionItems) = preProject
		..\README.md = ..\README.md
	EndProjectSection
EndProject
Project("{FAE04EC0-301F-11D3-BF4B-00C04F79EFBC}") = "EastwoodLib", "EastwoodLib\EastwoodLib.csproj", "{7F4A2263-2781-4CC6-A4DF-FBF47B445ABA}"
EndProject
Project("{FAE04EC0-301F-11D3-BF4B-00C04F79EFBC}") = "EastwoodLib.UnitTests", "EastwoodLib.UnitTests\EastwoodLib.UnitTests.csproj", "{68A7CF78-8A2D-4CA4-8B50-E58AB4867856}"
EndProject
Global
	GlobalSection(SolutionConfigurationPlatforms) = preSolution
		Debug|Any CPU = Debug|Any CPU
		Release|Any CPU = Release|Any CPU
	EndGlobalSection
	GlobalSection(ProjectConfigurationPlatforms) = postSolution
		{7F4A2263-2781-4CC6-A4DF-FBF47B445ABA}.Debug|Any CPU.ActiveCfg = Debug|Any CPU
		{7F4A2263-2781-4CC6-A4DF-FBF47B445ABA}.Debug|Any CPU.Build.0 = Debug|Any CPU
		{7F4A2263-2781-4CC6-A4DF-FBF47B445ABA}.Release|Any CPU.ActiveCfg = Release|Any CPU
		{7F4A2263-2781-4CC6-A4DF-FBF47B445ABA}.Release|Any CPU.Build.0 = Release|Any CPU
		{68A7CF78-8A2D-4CA4-8B50-E58AB4867856}.Debug|Any CPU.ActiveCfg = Debug|Any CPU
		{68A7CF78-8A2D-4CA4-8B50-E58AB4867856}.Debug|Any CPU.Build.0 = Debug|Any CPU
		{68A7CF78-8A2D-4CA4-8B50-E58AB4867856}.Release|Any CPU.ActiveCfg = Release|Any CPU
		{68A7CF78-8A2D-4CA4-8B50-E58AB4867856}.Release|Any CPU.Build.0 = Release|Any CPU
	EndGlobalSection
	GlobalSection(SolutionProperties) = preSolution
		HideSolutionNode = FALSE
	EndGlobalSection
EndGlobal
